
Microsoft Visual Studio Solution File, Format Version 12.00
# Visual Studio Version 16
VisualStudioVersion = 16.0.31321.278
MinimumVisualStudioVersion = 10.0.40219.1
Project("{FAE04EC0-301F-11D3-BF4B-00C04F79EFBC}") = "TestProject", "TestProject.csproj", "{F2C90591-0B60-4803-BD5D-00E85C58F8DF}"
EndProject
Project("{FAE04EC0-301F-11D3-BF4B-00C04F79EFBC}") = "TestFigureService", "..\TestFigureService\TestFigureService.csproj", "{99233CE9-01A3-4C72-8CDC-77531C60E6E7}"
EndProject
Global
	GlobalSection(SolutionConfigurationPlatforms) = preSolution
		Debug|Any CPU = Debug|Any CPU
		Release|Any CPU = Release|Any CPU
	EndGlobalSection
	GlobalSection(ProjectConfigurationPlatforms) = postSolution
		{F2C90591-0B60-4803-BD5D-00E85C58F8DF}.Debug|Any CPU.ActiveCfg = Debug|Any CPU
		{F2C90591-0B60-4803-BD5D-00E85C58F8DF}.Debug|Any CPU.Build.0 = Debug|Any CPU
		{F2C90591-0B60-4803-BD5D-00E85C58F8DF}.Release|Any CPU.ActiveCfg = Release|Any CPU
		{F2C90591-0B60-4803-BD5D-00E85C58F8DF}.Release|Any CPU.Build.0 = Release|Any CPU
		{99233CE9-01A3-4C72-8CDC-77531C60E6E7}.Debug|Any CPU.ActiveCfg = Debug|Any CPU
		{99233CE9-01A3-4C72-8CDC-77531C60E6E7}.Debug|Any CPU.Build.0 = Debug|Any CPU
		{99233CE9-01A3-4C72-8CDC-77531C60E6E7}.Release|Any CPU.ActiveCfg = Release|Any CPU
		{99233CE9-01A3-4C72-8CDC-77531C60E6E7}.Release|Any CPU.Build.0 = Release|Any CPU
	EndGlobalSection
	GlobalSection(SolutionProperties) = preSolution
		HideSolutionNode = FALSE
	EndGlobalSection
	GlobalSection(ExtensibilityGlobals) = postSolution
		SolutionGuid = {3DD0F027-E66A-40DA-B98C-5EABB98A0BB0}
	EndGlobalSection
EndGlobal
